
Microsoft Visual Studio Solution File, Format Version 12.00
# Visual Studio 14
VisualStudioVersion = 14.0.25420.1
MinimumVisualStudioVersion = 10.0.40219.1
Project("{FAE04EC0-301F-11D3-BF4B-00C04F79EFBC}") = "DefaultPage", "DefaultPage\DefaultPage.csproj", "{16FBDAC1-B9CD-4512-B216-3CFA76236413}"
EndProject
Project("{FAE04EC0-301F-11D3-BF4B-00C04F79EFBC}") = "DefaultPage.Tests", "DefaultPage.Tests\DefaultPage.Tests.csproj", "{256F289E-AF27-4E66-85CF-98EF7599784A}"
EndProject
Global
	GlobalSection(SolutionConfigurationPlatforms) = preSolution
		Debug|Any CPU = Debug|Any CPU
		Release|Any CPU = Release|Any CPU
	EndGlobalSection
	GlobalSection(ProjectConfigurationPlatforms) = postSolution
		{16FBDAC1-B9CD-4512-B216-3CFA76236413}.Debug|Any CPU.ActiveCfg = Debug|Any CPU
		{16FBDAC1-B9CD-4512-B216-3CFA76236413}.Debug|Any CPU.Build.0 = Debug|Any CPU
		{16FBDAC1-B9CD-4512-B216-3CFA76236413}.Release|Any CPU.ActiveCfg = Release|Any CPU
		{16FBDAC1-B9CD-4512-B216-3CFA76236413}.Release|Any CPU.Build.0 = Release|Any CPU
		{256F289E-AF27-4E66-85CF-98EF7599784A}.Debug|Any CPU.ActiveCfg = Debug|Any CPU
		{256F289E-AF27-4E66-85CF-98EF7599784A}.Debug|Any CPU.Build.0 = Debug|Any CPU
		{256F289E-AF27-4E66-85CF-98EF7599784A}.Release|Any CPU.ActiveCfg = Release|Any CPU
		{256F289E-AF27-4E66-85CF-98EF7599784A}.Release|Any CPU.Build.0 = Release|Any CPU
	EndGlobalSection
	GlobalSection(SolutionProperties) = preSolution
		HideSolutionNode = FALSE
	EndGlobalSection
EndGlobal
